
Microsoft Visual Studio Solution File, Format Version 12.00
# Visual Studio Version 17
VisualStudioVersion = 17.4.33205.214
MinimumVisualStudioVersion = 10.0.40219.1
Project("{FAE04EC0-301F-11D3-BF4B-00C04F79EFBC}") = "AuthenticationMVC", "AuthenticationMVC\AuthenticationMVC.csproj", "{0ED11587-31B3-4C4C-848E-DC6B5A4454D8}"
EndProject
Global
	GlobalSection(SolutionConfigurationPlatforms) = preSolution
		Debug|Any CPU = Debug|Any CPU
		Release|Any CPU = Release|Any CPU
	EndGlobalSection
	GlobalSection(ProjectConfigurationPlatforms) = postSolution
		{0ED11587-31B3-4C4C-848E-DC6B5A4454D8}.Debug|Any CPU.ActiveCfg = Debug|Any CPU
		{0ED11587-31B3-4C4C-848E-DC6B5A4454D8}.Debug|Any CPU.Build.0 = Debug|Any CPU
		{0ED11587-31B3-4C4C-848E-DC6B5A4454D8}.Release|Any CPU.ActiveCfg = Release|Any CPU
		{0ED11587-31B3-4C4C-848E-DC6B5A4454D8}.Release|Any CPU.Build.0 = Release|Any CPU
	EndGlobalSection
	GlobalSection(SolutionProperties) = preSolution
		HideSolutionNode = FALSE
	EndGlobalSection
	GlobalSection(ExtensibilityGlobals) = postSolution
		SolutionGuid = {7F8632C6-7FCF-43CD-AF37-581B5A703783}
	EndGlobalSection
EndGlobal
